
Microsoft Visual Studio Solution File, Format Version 12.00
# Visual Studio Version 17
VisualStudioVersion = 17.0.31903.59
MinimumVisualStudioVersion = 10.0.40219.1
Project("{FAE04EC0-301F-11D3-BF4B-00C04F79EFBC}") = "Catalog", "Catalog\Catalog.csproj", "{55378A80-3D82-42F2-85C6-4C03BC875F37}"
EndProject
Project("{FAE04EC0-301F-11D3-BF4B-00C04F79EFBC}") = "Catalog.Api", "Catalog.Api\Catalog.Api.csproj", "{76320185-09DA-4747-95FA-62A9507F0545}"
EndProject
Global
	GlobalSection(SolutionConfigurationPlatforms) = preSolution
		Debug|Any CPU = Debug|Any CPU
		Release|Any CPU = Release|Any CPU
	EndGlobalSection
	GlobalSection(SolutionProperties) = preSolution
		HideSolutionNode = FALSE
	EndGlobalSection
	GlobalSection(ProjectConfigurationPlatforms) = postSolution
		{55378A80-3D82-42F2-85C6-4C03BC875F37}.Debug|Any CPU.ActiveCfg = Debug|Any CPU
		{55378A80-3D82-42F2-85C6-4C03BC875F37}.Debug|Any CPU.Build.0 = Debug|Any CPU
		{55378A80-3D82-42F2-85C6-4C03BC875F37}.Release|Any CPU.ActiveCfg = Release|Any CPU
		{55378A80-3D82-42F2-85C6-4C03BC875F37}.Release|Any CPU.Build.0 = Release|Any CPU
		{76320185-09DA-4747-95FA-62A9507F0545}.Debug|Any CPU.ActiveCfg = Debug|Any CPU
		{76320185-09DA-4747-95FA-62A9507F0545}.Debug|Any CPU.Build.0 = Debug|Any CPU
		{76320185-09DA-4747-95FA-62A9507F0545}.Release|Any CPU.ActiveCfg = Release|Any CPU
		{76320185-09DA-4747-95FA-62A9507F0545}.Release|Any CPU.Build.0 = Release|Any CPU
	EndGlobalSection
EndGlobal
