<Solution>
  <Project Path="src/Aspire/AgentGetStarted.AppHost/AgentGetStarted.AppHost.csproj" />
  <Project Path="src/AgentGetStarted.Api/AgentGetStarted.Api.csproj" />
  <Project Path="src/AgentGetStarted/AgentGetStarted.csproj" />
  <Project Path="tests/AgentGetStarted.UnitTests/AgentGetStarted.UnitTests.csproj" />
  <Project Path="tests/AgentGetStarted.IntegrationTests/AgentGetStarted.IntegrationTests.csproj" />
  <Project Path="tests/Shared/Tests.Shared/Tests.Shared.csproj" />
</Solution>
